
Microsoft Visual Studio Solution File, Format Version 12.00
# Visual Studio Version 16
VisualStudioVersion = 16.0.30413.136
MinimumVisualStudioVersion = 10.0.40219.1
Project("{FAE04EC0-301F-11D3-BF4B-00C04F79EFBC}") = "Primera tarea", "Primera tarea\Primera tarea.csproj", "{743C4361-4EC7-4111-9524-043568EC1B59}"
EndProject
Global
	GlobalSection(SolutionConfigurationPlatforms) = preSolution
		Debug|Any CPU = Debug|Any CPU
		Release|Any CPU = Release|Any CPU
	EndGlobalSection
	GlobalSection(ProjectConfigurationPlatforms) = postSolution
		{743C4361-4EC7-4111-9524-043568EC1B59}.Debug|Any CPU.ActiveCfg = Debug|Any CPU
		{743C4361-4EC7-4111-9524-043568EC1B59}.Debug|Any CPU.Build.0 = Debug|Any CPU
		{743C4361-4EC7-4111-9524-043568EC1B59}.Release|Any CPU.ActiveCfg = Release|Any CPU
		{743C4361-4EC7-4111-9524-043568EC1B59}.Release|Any CPU.Build.0 = Release|Any CPU
	EndGlobalSection
	GlobalSection(SolutionProperties) = preSolution
		HideSolutionNode = FALSE
	EndGlobalSection
	GlobalSection(ExtensibilityGlobals) = postSolution
		SolutionGuid = {AD7A279C-A7B6-4675-B559-266FF38EFA46}
	EndGlobalSection
EndGlobal
